
Microsoft Visual Studio Solution File, Format Version 12.00
# Visual Studio Version 17
VisualStudioVersion = 17.5.002.0
MinimumVisualStudioVersion = 10.0.40219.1
Project("{9A19103F-16F7-4668-BE54-9A1E7A4F7556}") = "ProjetoShowMilho", "ProjetoShowMilho\ProjetoShowMilho.csproj", "{CBE74F06-5161-46A9-992C-1D2BA40291B7}"
EndProject
Global
	GlobalSection(SolutionConfigurationPlatforms) = preSolution
		Debug|Any CPU = Debug|Any CPU
		Release|Any CPU = Release|Any CPU
	EndGlobalSection
	GlobalSection(ProjectConfigurationPlatforms) = postSolution
		{CBE74F06-5161-46A9-992C-1D2BA40291B7}.Debug|Any CPU.ActiveCfg = Debug|Any CPU
		{CBE74F06-5161-46A9-992C-1D2BA40291B7}.Debug|Any CPU.Build.0 = Debug|Any CPU
		{CBE74F06-5161-46A9-992C-1D2BA40291B7}.Release|Any CPU.ActiveCfg = Release|Any CPU
		{CBE74F06-5161-46A9-992C-1D2BA40291B7}.Release|Any CPU.Build.0 = Release|Any CPU
	EndGlobalSection
	GlobalSection(SolutionProperties) = preSolution
		HideSolutionNode = FALSE
	EndGlobalSection
	GlobalSection(ExtensibilityGlobals) = postSolution
		SolutionGuid = {A18D29EA-E025-44E0-BEA9-9E80244C1E93}
	EndGlobalSection
EndGlobal
